// !$*UTF8*$!
{
	archiveVersion = 1;
	classes = {
	};
	objectVersion = 56;
	objects = {

/* Begin PBXBuildFile section */
		A11111111111111111111111 /* NoteHarvesterApp.swift in Sources */ = {isa = PBXBuildFile; fileRef = A00000000000000000000001 /* NoteHarvesterApp.swift */; };
		A11111111111111111111112 /* ContentView.swift in Sources */ = {isa = PBXBuildFile; fileRef = A00000000000000000000002 /* ContentView.swift */; };
		A11111111111111111111113 /* DatabaseManager.swift in Sources */ = {isa = PBXBuildFile; fileRef = A00000000000000000000003 /* DatabaseManager.swift */; };
		A11111111111111111111114 /* Assets.xcassets in Resources */ = {isa = PBXBuildFile; fileRef = A00000000000000000000004 /* Assets.xcassets */; };
		A11111111111111111111115 /* Preview Assets.xcassets in Resources */ = {isa = PBXBuildFile; fileRef = A00000000000000000000005 /* Preview Assets.xcassets */; };
		A11111111111111111111116 /* NoteHarvesterTests.swift in Sources */ = {isa = PBXBuildFile; fileRef = A00000000000000000000006 /* NoteHarvesterTests.swift */; };
		A11111111111111111111117 /* NoteHarvesterUITests.swift in Sources */ = {isa = PBXBuildFile; fileRef = A00000000000000000000007 /* NoteHarvesterUITests.swift */; };
		A11111111111111111111118 /* NoteHarvesterUITestsLaunchTests.swift in Sources */ = {isa = PBXBuildFile; fileRef = A00000000000000000000008 /* NoteHarvesterUITestsLaunchTests.swift */; };
		A11111111111111111111119 /* SQLite in Frameworks */ = {isa = PBXBuildFile; productRef = A55555555555555555555555 /* SQLite */; };
/* End PBXBuildFile section */

/* Begin PBXContainerItemProxy section */
		A22222222222222222222221 /* PBXContainerItemProxy */ = {
			isa = PBXContainerItemProxy;
			containerPortal = A99999999999999999999999 /* Project object */;
			proxyType = 1;
			remoteGlobalIDString = A33333333333333333333333;
			remoteInfo = NoteHarvester;
		};
		A22222222222222222222222 /* PBXContainerItemProxy */ = {
			isa = PBXContainerItemProxy;
			containerPortal = A99999999999999999999999 /* Project object */;
			proxyType = 1;
			remoteGlobalIDString = A33333333333333333333333;
			remoteInfo = NoteHarvester;
		};
/* End PBXContainerItemProxy section */

/* Begin PBXFileReference section */
		A33333333333333333333333 /* NoteHarvester.app */ = {isa = PBXFileReference; explicitFileType = wrapper.application; includeInIndex = 0; path = NoteHarvester.app; sourceTree = BUILT_PRODUCTS_DIR; };
		A00000000000000000000001 /* NoteHarvesterApp.swift */ = {isa = PBXFileReference; lastKnownFileType = sourcecode.swift; path = NoteHarvesterApp.swift; sourceTree = "<group>"; };
		A00000000000000000000002 /* ContentView.swift */ = {isa = PBXFileReference; lastKnownFileType = sourcecode.swift; path = ContentView.swift; sourceTree = "<group>"; };
		A00000000000000000000003 /* DatabaseManager.swift */ = {isa = PBXFileReference; lastKnownFileType = sourcecode.swift; path = DatabaseManager.swift; sourceTree = "<group>"; };
		A00000000000000000000004 /* Assets.xcassets */ = {isa = PBXFileReference; lastKnownFileType = folder.assetcatalog; path = Assets.xcassets; sourceTree = "<group>"; };
		A00000000000000000000005 /* Preview Assets.xcassets */ = {isa = PBXFileReference; lastKnownFileType = folder.assetcatalog; path = "Preview Assets.xcassets"; sourceTree = "<group>"; };
		A00000000000000000000009 /* NoteHarvester.entitlements */ = {isa = PBXFileReference; lastKnownFileType = text.plist.entitlements; path = NoteHarvester.entitlements; sourceTree = "<group>"; };
		A44444444444444444444444 /* NoteHarvesterTests.xctest */ = {isa = PBXFileReference; explicitFileType = wrapper.cfbundle; includeInIndex = 0; path = NoteHarvesterTests.xctest; sourceTree = BUILT_PRODUCTS_DIR; };
		A00000000000000000000006 /* NoteHarvesterTests.swift */ = {isa = PBXFileReference; lastKnownFileType = sourcecode.swift; path = NoteHarvesterTests.swift; sourceTree = "<group>"; };
		A77777777777777777777777 /* NoteHarvesterUITests.xctest */ = {isa = PBXFileReference; explicitFileType = wrapper.cfbundle; includeInIndex = 0; path = NoteHarvesterUITests.xctest; sourceTree = BUILT_PRODUCTS_DIR; };
		A00000000000000000000007 /* NoteHarvesterUITests.swift */ = {isa = PBXFileReference; lastKnownFileType = sourcecode.swift; path = NoteHarvesterUITests.swift; sourceTree = "<group>"; };
		A00000000000000000000008 /* NoteHarvesterUITestsLaunchTests.swift */ = {isa = PBXFileReference; lastKnownFileType = sourcecode.swift; path = NoteHarvesterUITestsLaunchTests.swift; sourceTree = "<group>"; };
/* End PBXFileReference section */

/* Begin PBXFrameworksBuildPhase section */
		A88888888888888888888881 /* Frameworks */ = {
			isa = PBXFrameworksBuildPhase;
			buildActionMask = 2147483647;
			files = (
				A11111111111111111111119 /* SQLite in Frameworks */,
			);
			runOnlyForDeploymentPostprocessing = 0;
		};
		A88888888888888888888882 /* Frameworks */ = {
			isa = PBXFrameworksBuildPhase;
			buildActionMask = 2147483647;
			files = (
			);
			runOnlyForDeploymentPostprocessing = 0;
		};
		A88888888888888888888883 /* Frameworks */ = {
			isa = PBXFrameworksBuildPhase;
			buildActionMask = 2147483647;
			files = (
			);
			runOnlyForDeploymentPostprocessing = 0;
		};
/* End PBXFrameworksBuildPhase section */

/* Begin PBXGroup section */
		AAAAAAAAAAAAAAAAAAAAAA1 = {
			isa = PBXGroup;
			children = (
				AAAAAAAAAAAAAAAAAAAAAA2 /* NoteHarvester */,
				AAAAAAAAAAAAAAAAAAAAAA3 /* NoteHarvesterTests */,
				AAAAAAAAAAAAAAAAAAAAAA4 /* NoteHarvesterUITests */,
				AAAAAAAAAAAAAAAAAAAAAA5 /* Products */,
			);
			sourceTree = "<group>";
		};
		AAAAAAAAAAAAAAAAAAAAAA2 /* NoteHarvester */ = {
			isa = PBXGroup;
			children = (
				A00000000000000000000001 /* NoteHarvesterApp.swift */,
				AAAAAAAAAAAAAAAAAAAAAA6 /* Views */,
				AAAAAAAAAAAAAAAAAAAAAA7 /* Services */,
				A00000000000000000000004 /* Assets.xcassets */,
				A00000000000000000000009 /* NoteHarvester.entitlements */,
				AAAAAAAAAAAAAAAAAAAAAA8 /* Preview Content */,
			);
			path = NoteHarvester;
			sourceTree = "<group>";
		};
		AAAAAAAAAAAAAAAAAAAAAA3 /* NoteHarvesterTests */ = {
			isa = PBXGroup;
			children = (
				A00000000000000000000006 /* NoteHarvesterTests.swift */,
			);
			path = NoteHarvesterTests;
			sourceTree = "<group>";
		};
		AAAAAAAAAAAAAAAAAAAAAA4 /* NoteHarvesterUITests */ = {
			isa = PBXGroup;
			children = (
				A00000000000000000000007 /* NoteHarvesterUITests.swift */,
				A00000000000000000000008 /* NoteHarvesterUITestsLaunchTests.swift */,
			);
			path = NoteHarvesterUITests;
			sourceTree = "<group>";
		};
		AAAAAAAAAAAAAAAAAAAAAA5 /* Products */ = {
			isa = PBXGroup;
			children = (
				A33333333333333333333333 /* NoteHarvester.app */,
				A44444444444444444444444 /* NoteHarvesterTests.xctest */,
				A77777777777777777777777 /* NoteHarvesterUITests.xctest */,
			);
			name = Products;
			sourceTree = "<group>";
		};
		AAAAAAAAAAAAAAAAAAAAAA6 /* Views */ = {
			isa = PBXGroup;
			children = (
				A00000000000000000000002 /* ContentView.swift */,
			);
			path = Views;
			sourceTree = "<group>";
		};
		AAAAAAAAAAAAAAAAAAAAAA7 /* Services */ = {
			isa = PBXGroup;
			children = (
				A00000000000000000000003 /* DatabaseManager.swift */,
			);
			path = Services;
			sourceTree = "<group>";
		};
		AAAAAAAAAAAAAAAAAAAAAA8 /* Preview Content */ = {
			isa = PBXGroup;
			children = (
				A00000000000000000000005 /* Preview Assets.xcassets */,
			);
			path = "Preview Content";
			sourceTree = "<group>";
		};
/* End PBXGroup section */

/* Begin PBXNativeTarget section */
		A33333333333333333333333 /* NoteHarvester */ = {
			isa = PBXNativeTarget;
			buildConfigurationList = BBBBBBBBBBBBBBBBBBBBBB1 /* Build configuration list for PBXNativeTarget "NoteHarvester" */;
			buildPhases = (
				CCCCCCCCCCCCCCCCCCCCCC1 /* Sources */,
				A88888888888888888888881 /* Frameworks */,
				DDDDDDDDDDDDDDDDDDDDDD1 /* Resources */,
			);
			buildRules = (
			);
			dependencies = (
			);
			name = NoteHarvester;
			packageProductDependencies = (
				A55555555555555555555555 /* SQLite */,
			);
			productName = NoteHarvester;
			productReference = A33333333333333333333333 /* NoteHarvester.app */;
			productType = "com.apple.product-type.application";
		};
		A44444444444444444444444 /* NoteHarvesterTests */ = {
			isa = PBXNativeTarget;
			buildConfigurationList = BBBBBBBBBBBBBBBBBBBBBB2 /* Build configuration list for PBXNativeTarget "NoteHarvesterTests" */;
			buildPhases = (
				CCCCCCCCCCCCCCCCCCCCCC2 /* Sources */,
				A88888888888888888888882 /* Frameworks */,
				DDDDDDDDDDDDDDDDDDDDDD2 /* Resources */,
			);
			buildRules = (
			);
			dependencies = (
				A22222222222222222222223 /* PBXTargetDependency */,
			);
			name = NoteHarvesterTests;
			productName = NoteHarvesterTests;
			productReference = A44444444444444444444444 /* NoteHarvesterTests.xctest */;
			productType = "com.apple.product-type.bundle.unit-test";
		};
		A77777777777777777777777 /* NoteHarvesterUITests */ = {
			isa = PBXNativeTarget;
			buildConfigurationList = BBBBBBBBBBBBBBBBBBBBBB3 /* Build configuration list for PBXNativeTarget "NoteHarvesterUITests" */;
			buildPhases = (
				CCCCCCCCCCCCCCCCCCCCCC3 /* Sources */,
				A88888888888888888888883 /* Frameworks */,
				DDDDDDDDDDDDDDDDDDDDDD3 /* Resources */,
			);
			buildRules = (
			);
			dependencies = (
				A22222222222222222222224 /* PBXTargetDependency */,
			);
			name = NoteHarvesterUITests;
			productName = NoteHarvesterUITests;
			productReference = A77777777777777777777777 /* NoteHarvesterUITests.xctest */;
			productType = "com.apple.product-type.bundle.ui-testing";
		};
/* End PBXNativeTarget section */

/* Begin PBXProject section */
		A99999999999999999999999 /* Project object */ = {
			isa = PBXProject;
			attributes = {
				BuildIndependentTargetsInParallel = 1;
				LastSwiftUpdateCheck = 1500;
				LastUpgradeCheck = 1500;
				TargetAttributes = {
					A33333333333333333333333 = {
						CreatedOnToolsVersion = 15.0;
					};
					A44444444444444444444444 = {
						CreatedOnToolsVersion = 15.0;
						TestTargetID = A33333333333333333333333;
					};
					A77777777777777777777777 = {
						CreatedOnToolsVersion = 15.0;
						TestTargetID = A33333333333333333333333;
					};
				};
			};
			buildConfigurationList = EEEEEEEEEEEEEEEEEEEEEE1 /* Build configuration list for PBXProject "NoteHarvester" */;
			compatibilityVersion = "Xcode 14.0";
			developmentRegion = en;
			hasScannedForEncodings = 0;
			knownRegions = (
				en,
				Base,
			);
			mainGroup = AAAAAAAAAAAAAAAAAAAAAA1;
			packageReferences = (
				A55555555555555555555554 /* XCRemoteSwiftPackageReference "SQLite.swift" */,
			);
			productRefGroup = AAAAAAAAAAAAAAAAAAAAAA5 /* Products */;
			projectDirPath = "";
			projectRoot = "";
			targets = (
				A33333333333333333333333 /* NoteHarvester */,
				A44444444444444444444444 /* NoteHarvesterTests */,
				A77777777777777777777777 /* NoteHarvesterUITests */,
			);
		};
/* End PBXProject section */

/* Begin PBXResourcesBuildPhase section */
		DDDDDDDDDDDDDDDDDDDDDD1 /* Resources */ = {
			isa = PBXResourcesBuildPhase;
			buildActionMask = 2147483647;
			files = (
				A11111111111111111111115 /* Preview Assets.xcassets in Resources */,
				A11111111111111111111114 /* Assets.xcassets in Resources */,
			);
			runOnlyForDeploymentPostprocessing = 0;
		};
		DDDDDDDDDDDDDDDDDDDDDD2 /* Resources */ = {
			isa = PBXResourcesBuildPhase;
			buildActionMask = 2147483647;
			files = (
			);
			runOnlyForDeploymentPostprocessing = 0;
		};
		DDDDDDDDDDDDDDDDDDDDDD3 /* Resources */ = {
			isa = PBXResourcesBuildPhase;
			buildActionMask = 2147483647;
			files = (
			);
			runOnlyForDeploymentPostprocessing = 0;
		};
/* End PBXResourcesBuildPhase section */

/* Begin PBXSourcesBuildPhase section */
		CCCCCCCCCCCCCCCCCCCCCC1 /* Sources */ = {
			isa = PBXSourcesBuildPhase;
			buildActionMask = 2147483647;
			files = (
				A11111111111111111111112 /* ContentView.swift in Sources */,
				A11111111111111111111113 /* DatabaseManager.swift in Sources */,
				A11111111111111111111111 /* NoteHarvesterApp.swift in Sources */,
			);
			runOnlyForDeploymentPostprocessing = 0;
		};
		CCCCCCCCCCCCCCCCCCCCCC2 /* Sources */ = {
			isa = PBXSourcesBuildPhase;
			buildActionMask = 2147483647;
			files = (
				A11111111111111111111116 /* NoteHarvesterTests.swift in Sources */,
			);
			runOnlyForDeploymentPostprocessing = 0;
		};
		CCCCCCCCCCCCCCCCCCCCCC3 /* Sources */ = {
			isa = PBXSourcesBuildPhase;
			buildActionMask = 2147483647;
			files = (
				A11111111111111111111118 /* NoteHarvesterUITestsLaunchTests.swift in Sources */,
				A11111111111111111111117 /* NoteHarvesterUITests.swift in Sources */,
			);
			runOnlyForDeploymentPostprocessing = 0;
		};
/* End PBXSourcesBuildPhase section */

/* Begin PBXTargetDependency section */
		A22222222222222222222223 /* PBXTargetDependency */ = {
			isa = PBXTargetDependency;
			target = A33333333333333333333333 /* NoteHarvester */;
			targetProxy = A22222222222222222222221 /* PBXContainerItemProxy */;
		};
		A22222222222222222222224 /* PBXTargetDependency */ = {
			isa = PBXTargetDependency;
			target = A33333333333333333333333 /* NoteHarvester */;
			targetProxy = A22222222222222222222222 /* PBXContainerItemProxy */;
		};
/* End PBXTargetDependency section */

/* Begin XCBuildConfiguration section */
		EEEEEEEEEEEEEEEEEEEEEE2 /* Debug */ = {
			isa = XCBuildConfiguration;
			buildSettings = {
				ALWAYS_SEARCH_USER_PATHS = NO;
				ASSETCATALOG_COMPILER_GENERATE_SWIFT_ASSET_SYMBOL_EXTENSIONS = YES;
				CLANG_ANALYZER_NONNULL = YES;
				CLANG_ANALYZER_NUMBER_OBJECT_CONVERSION = YES_AGGRESSIVE;
				CLANG_CXX_LANGUAGE_STANDARD = "gnu++20";
				CLANG_ENABLE_MODULES = YES;
				CLANG_ENABLE_OBJC_ARC = YES;
				CLANG_ENABLE_OBJC_WEAK = YES;
				CLANG_WARN_BLOCK_CAPTURE_AUTORELEASING = YES;
				CLANG_WARN_BOOL_CONVERSION = YES;
				CLANG_WARN_COMMA = YES;
				CLANG_WARN_CONSTANT_CONVERSION = YES;
				CLANG_WARN_DEPRECATED_OBJC_IMPLEMENTATIONS = YES;
				CLANG_WARN_DIRECT_OBJC_ISA_USAGE = YES_ERROR;
				CLANG_WARN_DOCUMENTATION_COMMENTS = YES;
				CLANG_WARN_EMPTY_BODY = YES;
				CLANG_WARN_ENUM_CONVERSION = YES;
				CLANG_WARN_INFINITE_RECURSION = YES;
				CLANG_WARN_INT_CONVERSION = YES;
				CLANG_WARN_NON_LITERAL_NULL_CONVERSION = YES;
				CLANG_WARN_OBJC_IMPLICIT_RETAIN_SELF = YES;
				CLANG_WARN_OBJC_LITERAL_CONVERSION = YES;
				CLANG_WARN_OBJC_ROOT_CLASS = YES_ERROR;
				CLANG_WARN_QUOTED_INCLUDE_IN_FRAMEWORK_HEADER = YES;
				CLANG_WARN_RANGE_LOOP_ANALYSIS = YES;
				CLANG_WARN_STRICT_PROTOTYPES = YES;
				CLANG_WARN_SUSPICIOUS_MOVE = YES;
				CLANG_WARN_UNGUARDED_AVAILABILITY = YES_AGGRESSIVE;
				CLANG_WARN_UNREACHABLE_CODE = YES;
				CLANG_WARN__DUPLICATE_METHOD_MATCH = YES;
				COPY_PHASE_STRIP = NO;
				DEBUG_INFORMATION_FORMAT = dwarf;
				ENABLE_STRICT_OBJC_MSGSEND = YES;
				ENABLE_TESTABILITY = YES;
				ENABLE_USER_SCRIPT_SANDBOXING = YES;
				GCC_C_LANGUAGE_STANDARD = gnu17;
				GCC_DYNAMIC_NO_PIC = NO;
				GCC_NO_COMMON_BLOCKS = YES;
				GCC_OPTIMIZATION_LEVEL = 0;
				GCC_PREPROCESSOR_DEFINITIONS = (
					"DEBUG=1",
					"$(inherited)",
				);
				GCC_WARN_64_TO_32_BIT_CONVERSION = YES;
				GCC_WARN_ABOUT_RETURN_TYPE = YES_ERROR;
				GCC_WARN_UNDECLARED_SELECTOR = YES;
				GCC_WARN_UNINITIALIZED_AUTOS = YES_AGGRESSIVE;
				GCC_WARN_UNUSED_FUNCTION = YES;
				GCC_WARN_UNUSED_VARIABLE = YES;
				LOCALIZATION_PREFERS_STRING_CATALOGS = YES;
				MACOSX_DEPLOYMENT_TARGET = 12.0;
				MTL_ENABLE_DEBUG_INFO = INCLUDE_SOURCE;
				MTL_FAST_MATH = YES;
				ONLY_ACTIVE_ARCH = YES;
				SDKROOT = macosx;
				SWIFT_ACTIVE_COMPILATION_CONDITIONS = "DEBUG $(inherited)";
				SWIFT_OPTIMIZATION_LEVEL = "-Onone";
			};
			name = Debug;
		};
		EEEEEEEEEEEEEEEEEEEEEE3 /* Release */ = {
			isa = XCBuildConfiguration;
			buildSettings = {
				ALWAYS_SEARCH_USER_PATHS = NO;
				ASSETCATALOG_COMPILER_GENERATE_SWIFT_ASSET_SYMBOL_EXTENSIONS = YES;
				CLANG_ANALYZER_NONNULL = YES;
				CLANG_ANALYZER_NUMBER_OBJECT_CONVERSION = YES_AGGRESSIVE;
				CLANG_CXX_LANGUAGE_STANDARD = "gnu++20";
				CLANG_ENABLE_MODULES = YES;
				CLANG_ENABLE_OBJC_ARC = YES;
				CLANG_ENABLE_OBJC_WEAK = YES;
				CLANG_WARN_BLOCK_CAPTURE_AUTORELEASING = YES;
				CLANG_WARN_BOOL_CONVERSION = YES;
				CLANG_WARN_COMMA = YES;
				CLANG_WARN_CONSTANT_CONVERSION = YES;
				CLANG_WARN_DEPRECATED_OBJC_IMPLEMENTATIONS = YES;
				CLANG_WARN_DIRECT_OBJC_ISA_USAGE = YES_ERROR;
				CLANG_WARN_DOCUMENTATION_COMMENTS = YES;
				CLANG_WARN_EMPTY_BODY = YES;
				CLANG_WARN_ENUM_CONVERSION = YES;
				CLANG_WARN_INFINITE_RECURSION = YES;
				CLANG_WARN_INT_CONVERSION = YES;
				CLANG_WARN_NON_LITERAL_NULL_CONVERSION = YES;
				CLANG_WARN_OBJC_IMPLICIT_RETAIN_SELF = YES;
				CLANG_WARN_OBJC_LITERAL_CONVERSION = YES;
				CLANG_WARN_OBJC_ROOT_CLASS = YES_ERROR;
				CLANG_WARN_QUOTED_INCLUDE_IN_FRAMEWORK_HEADER = YES;
				CLANG_WARN_RANGE_LOOP_ANALYSIS = YES;
				CLANG_WARN_STRICT_PROTOTYPES = YES;
				CLANG_WARN_SUSPICIOUS_MOVE = YES;
				CLANG_WARN_UNGUARDED_AVAILABILITY = YES_AGGRESSIVE;
				CLANG_WARN_UNREACHABLE_CODE = YES;
				CLANG_WARN__DUPLICATE_METHOD_MATCH = YES;
				COPY_PHASE_STRIP = NO;
				DEBUG_INFORMATION_FORMAT = "dwarf-with-dsym";
				ENABLE_NS_ASSERTIONS = NO;
				ENABLE_STRICT_OBJC_MSGSEND = YES;
				ENABLE_USER_SCRIPT_SANDBOXING = YES;
				GCC_C_LANGUAGE_STANDARD = gnu17;
				GCC_NO_COMMON_BLOCKS = YES;
				GCC_WARN_64_TO_32_BIT_CONVERSION = YES;
				GCC_WARN_ABOUT_RETURN_TYPE = YES_ERROR;
				GCC_WARN_UNDECLARED_SELECTOR = YES;
				GCC_WARN_UNINITIALIZED_AUTOS = YES_AGGRESSIVE;
				GCC_WARN_UNUSED_FUNCTION = YES;
				GCC_WARN_UNUSED_VARIABLE = YES;
				LOCALIZATION_PREFERS_STRING_CATALOGS = YES;
				MACOSX_DEPLOYMENT_TARGET = 12.0;
				MTL_ENABLE_DEBUG_INFO = NO;
				MTL_FAST_MATH = YES;
				SDKROOT = macosx;
				SWIFT_COMPILATION_MODE = wholemodule;
			};
			name = Release;
		};
		BBBBBBBBBBBBBBBBBBBBBB4 /* Debug */ = {
			isa = XCBuildConfiguration;
			buildSettings = {
				ASSETCATALOG_COMPILER_APPICON_NAME = AppIcon;
				ASSETCATALOG_COMPILER_GLOBAL_ACCENT_COLOR_NAME = AccentColor;
				CODE_SIGN_ENTITLEMENTS = NoteHarvester/NoteHarvester.entitlements;
				CODE_SIGN_STYLE = Automatic;
				COMBINE_HIDPI_IMAGES = YES;
				CURRENT_PROJECT_VERSION = 1;
				DEVELOPMENT_ASSET_PATHS = "\"NoteHarvester/Preview Content\"";
				ENABLE_PREVIEWS = YES;
				GENERATE_INFOPLIST_FILE = YES;
				INFOPLIST_KEY_NSHumanReadableCopyright = "";
				LD_RUNPATH_SEARCH_PATHS = (
					"$(inherited)",
					"@executable_path/../Frameworks",
				);
				MARKETING_VERSION = 1.0;
				PRODUCT_BUNDLE_IDENTIFIER = com.noteharvester.NoteHarvester;
				PRODUCT_NAME = "$(TARGET_NAME)";
				SWIFT_EMIT_LOC_STRINGS = YES;
				SWIFT_VERSION = 5.0;
			};
			name = Debug;
		};
		BBBBBBBBBBBBBBBBBBBBBB5 /* Release */ = {
			isa = XCBuildConfiguration;
			buildSettings = {
				ASSETCATALOG_COMPILER_APPICON_NAME = AppIcon;
				ASSETCATALOG_COMPILER_GLOBAL_ACCENT_COLOR_NAME = AccentColor;
				CODE_SIGN_ENTITLEMENTS = NoteHarvester/NoteHarvester.entitlements;
				CODE_SIGN_STYLE = Automatic;
				COMBINE_HIDPI_IMAGES = YES;
				CURRENT_PROJECT_VERSION = 1;
				DEVELOPMENT_ASSET_PATHS = "\"NoteHarvester/Preview Content\"";
				ENABLE_PREVIEWS = YES;
				GENERATE_INFOPLIST_FILE = YES;
				INFOPLIST_KEY_NSHumanReadableCopyright = "";
				LD_RUNPATH_SEARCH_PATHS = (
					"$(inherited)",
					"@executable_path/../Frameworks",
				);
				MARKETING_VERSION = 1.0;
				PRODUCT_BUNDLE_IDENTIFIER = com.noteharvester.NoteHarvester;
				PRODUCT_NAME = "$(TARGET_NAME)";
				SWIFT_EMIT_LOC_STRINGS = YES;
				SWIFT_VERSION = 5.0;
			};
			name = Release;
		};
		BBBBBBBBBBBBBBBBBBBBBB6 /* Debug */ = {
			isa = XCBuildConfiguration;
			buildSettings = {
				ALWAYS_EMBED_SWIFT_STANDARD_LIBRARIES = YES;
				BUNDLE_LOADER = "$(TEST_HOST)";
				CODE_SIGN_STYLE = Automatic;
				CURRENT_PROJECT_VERSION = 1;
				GENERATE_INFOPLIST_FILE = YES;
				MACOSX_DEPLOYMENT_TARGET = 12.0;
				MARKETING_VERSION = 1.0;
				PRODUCT_BUNDLE_IDENTIFIER = com.noteharvester.NoteHarvesterTests;
				PRODUCT_NAME = "$(TARGET_NAME)";
				SWIFT_EMIT_LOC_STRINGS = NO;
				SWIFT_VERSION = 5.0;
				TEST_HOST = "$(BUILT_PRODUCTS_DIR)/NoteHarvester.app/$(BUNDLE_EXECUTABLE_FOLDER_PATH)/NoteHarvester";
			};
			name = Debug;
		};
		BBBBBBBBBBBBBBBBBBBBBB7 /* Release */ = {
			isa = XCBuildConfiguration;
			buildSettings = {
				ALWAYS_EMBED_SWIFT_STANDARD_LIBRARIES = YES;
				BUNDLE_LOADER = "$(TEST_HOST)";
				CODE_SIGN_STYLE = Automatic;
				CURRENT_PROJECT_VERSION = 1;
				GENERATE_INFOPLIST_FILE = YES;
				MACOSX_DEPLOYMENT_TARGET = 12.0;
				MARKETING_VERSION = 1.0;
				PRODUCT_BUNDLE_IDENTIFIER = com.noteharvester.NoteHarvesterTests;
				PRODUCT_NAME = "$(TARGET_NAME)";
				SWIFT_EMIT_LOC_STRINGS = NO;
				SWIFT_VERSION = 5.0;
				TEST_HOST = "$(BUILT_PRODUCTS_DIR)/NoteHarvester.app/$(BUNDLE_EXECUTABLE_FOLDER_PATH)/NoteHarvester";
			};
			name = Release;
		};
		BBBBBBBBBBBBBBBBBBBBBB8 /* Debug */ = {
			isa = XCBuildConfiguration;
			buildSettings = {
				ALWAYS_EMBED_SWIFT_STANDARD_LIBRARIES = YES;
				CODE_SIGN_STYLE = Automatic;
				CURRENT_PROJECT_VERSION = 1;
				GENERATE_INFOPLIST_FILE = YES;
				MARKETING_VERSION = 1.0;
				PRODUCT_BUNDLE_IDENTIFIER = com.noteharvester.NoteHarvesterUITests;
				PRODUCT_NAME = "$(TARGET_NAME)";
				SWIFT_EMIT_LOC_STRINGS = NO;
				SWIFT_VERSION = 5.0;
				TEST_TARGET_NAME = NoteHarvester;
			};
			name = Debug;
		};
		BBBBBBBBBBBBBBBBBBBBBB9 /* Release */ = {
			isa = XCBuildConfiguration;
			buildSettings = {
				ALWAYS_EMBED_SWIFT_STANDARD_LIBRARIES = YES;
				CODE_SIGN_STYLE = Automatic;
				CURRENT_PROJECT_VERSION = 1;
				GENERATE_INFOPLIST_FILE = YES;
				MARKETING_VERSION = 1.0;
				PRODUCT_BUNDLE_IDENTIFIER = com.noteharvester.NoteHarvesterUITests;
				PRODUCT_NAME = "$(TARGET_NAME)";
				SWIFT_EMIT_LOC_STRINGS = NO;
				SWIFT_VERSION = 5.0;
				TEST_TARGET_NAME = NoteHarvester;
			};
			name = Release;
		};
/* End XCBuildConfiguration section */

/* Begin XCConfigurationList section */
		EEEEEEEEEEEEEEEEEEEEEE1 /* Build configuration list for PBXProject "NoteHarvester" */ = {
			isa = XCConfigurationList;
			buildConfigurations = (
				EEEEEEEEEEEEEEEEEEEEEE2 /* Debug */,
				EEEEEEEEEEEEEEEEEEEEEE3 /* Release */,
			);
			defaultConfigurationIsVisible = 0;
			defaultConfigurationName = Release;
		};
		BBBBBBBBBBBBBBBBBBBBBB1 /* Build configuration list for PBXNativeTarget "NoteHarvester" */ = {
			isa = XCConfigurationList;
			buildConfigurations = (
				BBBBBBBBBBBBBBBBBBBBBB4 /* Debug */,
				BBBBBBBBBBBBBBBBBBBBBB5 /* Release */,
			);
			defaultConfigurationIsVisible = 0;
			defaultConfigurationName = Release;
		};
		BBBBBBBBBBBBBBBBBBBBBB2 /* Build configuration list for PBXNativeTarget "NoteHarvesterTests" */ = {
			isa = XCConfigurationList;
			buildConfigurations = (
				BBBBBBBBBBBBBBBBBBBBBB6 /* Debug */,
				BBBBBBBBBBBBBBBBBBBBBB7 /* Release */,
			);
			defaultConfigurationIsVisible = 0;
			defaultConfigurationName = Release;
		};
		BBBBBBBBBBBBBBBBBBBBBB3 /* Build configuration list for PBXNativeTarget "NoteHarvesterUITests" */ = {
			isa = XCConfigurationList;
			buildConfigurations = (
				BBBBBBBBBBBBBBBBBBBBBB8 /* Debug */,
				BBBBBBBBBBBBBBBBBBBBBB9 /* Release */,
			);
			defaultConfigurationIsVisible = 0;
			defaultConfigurationName = Release;
		};
/* End XCConfigurationList section */

/* Begin XCRemoteSwiftPackageReference section */
		A55555555555555555555554 /* XCRemoteSwiftPackageReference "SQLite.swift" */ = {
			isa = XCRemoteSwiftPackageReference;
			repositoryURL = "https://github.com/stephencelis/SQLite.swift.git";
			requirement = {
				kind = upToNextMajorVersion;
				minimumVersion = 0.15.3;
			};
		};
/* End XCRemoteSwiftPackageReference section */

/* Begin XCSwiftPackageProductDependency section */
		A55555555555555555555555 /* SQLite */ = {
			isa = XCSwiftPackageProductDependency;
			package = A55555555555555555555554 /* XCRemoteSwiftPackageReference "SQLite.swift" */;
			productName = SQLite;
		};
/* End XCSwiftPackageProductDependency section */
	};
	rootObject = A99999999999999999999999 /* Project object */;
}