// !$*UTF8*$!
{
	archiveVersion = 1;
	classes = {
	};
	objectVersion = 56;
	objects = {

/* Begin PBXBuildFile section */
		DC1BCED987B045ABB08172406DEFB125 /* NoteHarvesterApp.swift in Sources */ = {isa = PBXBuildFile; fileRef = DC1BCED987B045ABB08172406DEFB124 /* NoteHarvesterApp.swift */; };
		DC1BCED987B045ABB08172406DEFB126 /* ContentView.swift in Sources */ = {isa = PBXBuildFile; fileRef = DC1BCED987B045ABB08172406DEFB123 /* ContentView.swift */; };
		DC1BCED987B045ABB08172406DEFB127 /* DatabaseManager.swift in Sources */ = {isa = PBXBuildFile; fileRef = DC1BCED987B045ABB08172406DEFB122 /* DatabaseManager.swift */; };
		DC1BCED987B045ABB08172406DEFB128 /* Assets.xcassets in Resources */ = {isa = PBXBuildFile; fileRef = DC1BCED987B045ABB08172406DEFB121 /* Assets.xcassets */; };
		DC1BCED987B045ABB08172406DEFB129 /* SQLite in Frameworks */ = {isa = PBXBuildFile; productRef = DC1BCED987B045ABB08172406DEFB120 /* SQLite */; };
/* End PBXBuildFile section */

/* Begin PBXFileReference section */
		DC1BCED987B045ABB08172406DEFB130 /* NoteHarvester.app */ = {isa = PBXFileReference; explicitFileType = wrapper.application; includeInIndex = 0; path = NoteHarvester.app; sourceTree = BUILT_PRODUCTS_DIR; };
		DC1BCED987B045ABB08172406DEFB124 /* NoteHarvesterApp.swift */ = {isa = PBXFileReference; lastKnownFileType = sourcecode.swift; path = NoteHarvesterApp.swift; sourceTree = "<group>"; };
		DC1BCED987B045ABB08172406DEFB123 /* ContentView.swift */ = {isa = PBXFileReference; lastKnownFileType = sourcecode.swift; path = ContentView.swift; sourceTree = "<group>"; };
		DC1BCED987B045ABB08172406DEFB122 /* DatabaseManager.swift */ = {isa = PBXFileReference; lastKnownFileType = sourcecode.swift; path = DatabaseManager.swift; sourceTree = "<group>"; };
		DC1BCED987B045ABB08172406DEFB121 /* Assets.xcassets */ = {isa = PBXFileReference; lastKnownFileType = folder.assetcatalog; path = Assets.xcassets; sourceTree = "<group>"; };
		DC1BCED987B045ABB08172406DEFB131 /* NoteHarvester.entitlements */ = {isa = PBXFileReference; lastKnownFileType = text.plist.entitlements; path = NoteHarvester.entitlements; sourceTree = "<group>"; };
		DC1BCED987B045ABB08172406DEFB132 /* Info.plist */ = {isa = PBXFileReference; lastKnownFileType = text.plist.xml; path = Info.plist; sourceTree = "<group>"; };
/* End PBXFileReference section */

/* Begin PBXFrameworksBuildPhase section */
		DC1BCED987B045ABB08172406DEFB133 /* Frameworks */ = {
			isa = PBXFrameworksBuildPhase;
			buildActionMask = 2147483647;
			files = (
				DC1BCED987B045ABB08172406DEFB129 /* SQLite in Frameworks */,
			);
			runOnlyForDeploymentPostprocessing = 0;
		};
/* End PBXFrameworksBuildPhase section */

/* Begin PBXGroup section */
		DC1BCED987B045ABB08172406DEFB134 = {
			isa = PBXGroup;
			children = (
				DC1BCED987B045ABB08172406DEFB135 /* NoteHarvester */,
				DC1BCED987B045ABB08172406DEFB136 /* Products */,
			);
			sourceTree = "<group>";
		};
		DC1BCED987B045ABB08172406DEFB135 /* NoteHarvester */ = {
			isa = PBXGroup;
			children = (
				DC1BCED987B045ABB08172406DEFB124 /* NoteHarvesterApp.swift */,
				DC1BCED987B045ABB08172406DEFB137 /* Views */,
				DC1BCED987B045ABB08172406DEFB138 /* Services */,
				DC1BCED987B045ABB08172406DEFB121 /* Assets.xcassets */,
				DC1BCED987B045ABB08172406DEFB131 /* NoteHarvester.entitlements */,
				DC1BCED987B045ABB08172406DEFB132 /* Info.plist */,
				DC1BCED987B045ABB08172406DEFB139 /* Preview Content */,
			);
			path = NoteHarvester;
			sourceTree = "<group>";
		};
		DC1BCED987B045ABB08172406DEFB136 /* Products */ = {
			isa = PBXGroup;
			children = (
				DC1BCED987B045ABB08172406DEFB130 /* NoteHarvester.app */,
			);
			name = Products;
			sourceTree = "<group>";
		};
		DC1BCED987B045ABB08172406DEFB137 /* Views */ = {
			isa = PBXGroup;
			children = (
				DC1BCED987B045ABB08172406DEFB123 /* ContentView.swift */,
			);
			name = Views;
			path = Views;
			sourceTree = "<group>";
		};
		DC1BCED987B045ABB08172406DEFB138 /* Services */ = {
			isa = PBXGroup;
			children = (
				DC1BCED987B045ABB08172406DEFB122 /* DatabaseManager.swift */,
			);
			name = Services;
			path = Services;
			sourceTree = "<group>";
		};
		DC1BCED987B045ABB08172406DEFB139 /* Preview Content */ = {
			isa = PBXGroup;
			children = (
			);
			path = "Preview Content";
			sourceTree = "<group>";
		};
/* End PBXGroup section */

/* Begin PBXNativeTarget section */
		DC1BCED987B045ABB08172406DEFB140 /* NoteHarvester */ = {
			isa = PBXNativeTarget;
			buildConfigurationList = DC1BCED987B045ABB08172406DEFB141 /* Build configuration list for PBXNativeTarget "NoteHarvester" */;
			buildPhases = (
				DC1BCED987B045ABB08172406DEFB142 /* Sources */,
				DC1BCED987B045ABB08172406DEFB133 /* Frameworks */,
				DC1BCED987B045ABB08172406DEFB143 /* Resources */,
			);
			buildRules = (
			);
			dependencies = (
			);
			name = NoteHarvester;
			packageProductDependencies = (
				DC1BCED987B045ABB08172406DEFB120 /* SQLite */,
			);
			productName = NoteHarvester;
			productReference = DC1BCED987B045ABB08172406DEFB130 /* NoteHarvester.app */;
			productType = "com.apple.product-type.application";
		};
/* End PBXNativeTarget section */

/* Begin PBXProject section */
		DC1BCED987B045ABB08172406DEFB144 /* Project object */ = {
			isa = PBXProject;
			attributes = {
				BuildIndependentTargetsInParallel = 1;
				LastSwiftUpdateCheck = 1540;
				LastUpgradeCheck = 1540;
				TargetAttributes = {
					DC1BCED987B045ABB08172406DEFB140 = {
						CreatedOnToolsVersion = 15.4;
					};
				};
			};
			buildConfigurationList = DC1BCED987B045ABB08172406DEFB145 /* Build configuration list for PBXProject "NoteHarvester" */;
			compatibilityVersion = "Xcode 14.0";
			developmentRegion = en;
			hasScannedForEncodings = 0;
			knownRegions = (
				en,
				Base,
			);
			mainGroup = DC1BCED987B045ABB08172406DEFB134;
			packageReferences = (
				DC1BCED987B045ABB08172406DEFB146 /* XCRemoteSwiftPackageReference "SQLite.swift" */,
			);
			productRefGroup = DC1BCED987B045ABB08172406DEFB136 /* Products */;
			projectDirPath = "";
			projectRoot = "";
			targets = (
				DC1BCED987B045ABB08172406DEFB140 /* NoteHarvester */,
			);
		};
/* End PBXProject section */

/* Begin PBXResourcesBuildPhase section */
		DC1BCED987B045ABB08172406DEFB143 /* Resources */ = {
			isa = PBXResourcesBuildPhase;
			buildActionMask = 2147483647;
			files = (
				DC1BCED987B045ABB08172406DEFB128 /* Assets.xcassets in Resources */,
			);
			runOnlyForDeploymentPostprocessing = 0;
		};
/* End PBXResourcesBuildPhase section */

/* Begin PBXSourcesBuildPhase section */
		DC1BCED987B045ABB08172406DEFB142 /* Sources */ = {
			isa = PBXSourcesBuildPhase;
			buildActionMask = 2147483647;
			files = (
				DC1BCED987B045ABB08172406DEFB125 /* NoteHarvesterApp.swift in Sources */,
				DC1BCED987B045ABB08172406DEFB126 /* ContentView.swift in Sources */,
				DC1BCED987B045ABB08172406DEFB127 /* DatabaseManager.swift in Sources */,
			);
			runOnlyForDeploymentPostprocessing = 0;
		};
/* End PBXSourcesBuildPhase section */

/* Begin XCBuildConfiguration section */
		DC1BCED987B045ABB08172406DEFB147 /* Debug */ = {
			isa = XCBuildConfiguration;
			buildSettings = {
				ALWAYS_SEARCH_USER_PATHS = NO;
				ASSETCATALOG_COMPILER_GENERATE_SWIFT_ASSET_SYMBOL_EXTENSIONS = YES;
				CLANG_ANALYZER_NONNULL = YES;
				CLANG_ANALYZER_NUMBER_OBJECT_CONVERSION = YES_AGGRESSIVE;
				CLANG_CXX_LANGUAGE_STANDARD = "gnu++20";
				CLANG_ENABLE_MODULES = YES;
				CLANG_ENABLE_OBJC_ARC = YES;
				CLANG_ENABLE_OBJC_WEAK = YES;
				CLANG_WARN_BLOCK_CAPTURE_AUTORELEASING = YES;
				CLANG_WARN_BOOL_CONVERSION = YES;
				CLANG_WARN_COMMA = YES;
				CLANG_WARN_CONSTANT_CONVERSION = YES;
				CLANG_WARN_DEPRECATED_OBJC_IMPLEMENTATIONS = YES;
				CLANG_WARN_DIRECT_OBJC_ISA_USAGE = YES_ERROR;
				CLANG_WARN_DOCUMENTATION_COMMENTS = YES;
				CLANG_WARN_EMPTY_BODY = YES;
				CLANG_WARN_ENUM_CONVERSION = YES;
				CLANG_WARN_INFINITE_RECURSION = YES;
				CLANG_WARN_INT_CONVERSION = YES;
				CLANG_WARN_NON_LITERAL_NULL_CONVERSION = YES;
				CLANG_WARN_OBJC_IMPLICIT_RETAIN_SELF = YES;
				CLANG_WARN_OBJC_LITERAL_CONVERSION = YES;
				CLANG_WARN_OBJC_ROOT_CLASS = YES_ERROR;
				CLANG_WARN_QUOTED_INCLUDE_IN_FRAMEWORK_HEADER = YES;
				CLANG_WARN_RANGE_LOOP_ANALYSIS = YES;
				CLANG_WARN_STRICT_PROTOTYPES = YES;
				CLANG_WARN_SUSPICIOUS_MOVE = YES;
				CLANG_WARN_UNGUARDED_AVAILABILITY = YES_AGGRESSIVE;
				CLANG_WARN_UNREACHABLE_CODE = YES;
				CLANG_WARN__DUPLICATE_METHOD_MATCH = YES;
				COPY_PHASE_STRIP = NO;
				DEBUG_INFORMATION_FORMAT = dwarf;
				ENABLE_STRICT_OBJC_MSGSEND = YES;
				ENABLE_TESTABILITY = YES;
				ENABLE_USER_SCRIPT_SANDBOXING = YES;
				GCC_C_LANGUAGE_STANDARD = gnu17;
				GCC_DYNAMIC_NO_PIC = NO;
				GCC_NO_COMMON_BLOCKS = YES;
				GCC_OPTIMIZATION_LEVEL = 0;
				GCC_PREPROCESSOR_DEFINITIONS = (
					"DEBUG=1",
					"$(inherited)",
				);
				GCC_WARN_64_TO_32_BIT_CONVERSION = YES;
				GCC_WARN_ABOUT_RETURN_TYPE = YES_ERROR;
				GCC_WARN_UNDECLARED_SELECTOR = YES;
				GCC_WARN_UNINITIALIZED_AUTOS = YES_AGGRESSIVE;
				GCC_WARN_UNUSED_FUNCTION = YES;
				GCC_WARN_UNUSED_VARIABLE = YES;
				LOCALIZATION_PREFERS_STRING_CATALOGS = YES;
				MACOSX_DEPLOYMENT_TARGET = 13.0;
				MTL_ENABLE_DEBUG_INFO = INCLUDE_SOURCE;
				MTL_FAST_MATH = YES;
				ONLY_ACTIVE_ARCH = YES;
				SDKROOT = macosx;
				SWIFT_ACTIVE_COMPILATION_CONDITIONS = "DEBUG $(inherited)";
				SWIFT_OPTIMIZATION_LEVEL = "-Onone";
			};
			name = Debug;
		};
		DC1BCED987B045ABB08172406DEFB148 /* Release */ = {
			isa = XCBuildConfiguration;
			buildSettings = {
				ALWAYS_SEARCH_USER_PATHS = NO;
				ASSETCATALOG_COMPILER_GENERATE_SWIFT_ASSET_SYMBOL_EXTENSIONS = YES;
				CLANG_ANALYZER_NONNULL = YES;
				CLANG_ANALYZER_NUMBER_OBJECT_CONVERSION = YES_AGGRESSIVE;
				CLANG_CXX_LANGUAGE_STANDARD = "gnu++20";
				CLANG_ENABLE_MODULES = YES;
				CLANG_ENABLE_OBJC_ARC = YES;
				CLANG_ENABLE_OBJC_WEAK = YES;
				CLANG_WARN_BLOCK_CAPTURE_AUTORELEASING = YES;
				CLANG_WARN_BOOL_CONVERSION = YES;
				CLANG_WARN_COMMA = YES;
				CLANG_WARN_CONSTANT_CONVERSION = YES;
				CLANG_WARN_DEPRECATED_OBJC_IMPLEMENTATIONS = YES;
				CLANG_WARN_DIRECT_OBJC_ISA_USAGE = YES_ERROR;
				CLANG_WARN_DOCUMENTATION_COMMENTS = YES;
				CLANG_WARN_EMPTY_BODY = YES;
				CLANG_WARN_ENUM_CONVERSION = YES;
				CLANG_WARN_INFINITE_RECURSION = YES;
				CLANG_WARN_INT_CONVERSION = YES;
				CLANG_WARN_NON_LITERAL_NULL_CONVERSION = YES;
				CLANG_WARN_OBJC_IMPLICIT_RETAIN_SELF = YES;
				CLANG_WARN_OBJC_LITERAL_CONVERSION = YES;
				CLANG_WARN_OBJC_ROOT_CLASS = YES_ERROR;
				CLANG_WARN_QUOTED_INCLUDE_IN_FRAMEWORK_HEADER = YES;
				CLANG_WARN_RANGE_LOOP_ANALYSIS = YES;
				CLANG_WARN_STRICT_PROTOTYPES = YES;
				CLANG_WARN_SUSPICIOUS_MOVE = YES;
				CLANG_WARN_UNGUARDED_AVAILABILITY = YES_AGGRESSIVE;
				CLANG_WARN_UNREACHABLE_CODE = YES;
				CLANG_WARN__DUPLICATE_METHOD_MATCH = YES;
				COPY_PHASE_STRIP = NO;
				DEBUG_INFORMATION_FORMAT = "dwarf-with-dsym";
				ENABLE_NS_ASSERTIONS = NO;
				ENABLE_STRICT_OBJC_MSGSEND = YES;
				ENABLE_USER_SCRIPT_SANDBOXING = YES;
				GCC_C_LANGUAGE_STANDARD = gnu17;
				GCC_NO_COMMON_BLOCKS = YES;
				GCC_WARN_64_TO_32_BIT_CONVERSION = YES;
				GCC_WARN_ABOUT_RETURN_TYPE = YES_ERROR;
				GCC_WARN_UNDECLARED_SELECTOR = YES;
				GCC_WARN_UNINITIALIZED_AUTOS = YES_AGGRESSIVE;
				GCC_WARN_UNUSED_FUNCTION = YES;
				GCC_WARN_UNUSED_VARIABLE = YES;
				LOCALIZATION_PREFERS_STRING_CATALOGS = YES;
				MACOSX_DEPLOYMENT_TARGET = 13.0;
				MTL_ENABLE_DEBUG_INFO = NO;
				MTL_FAST_MATH = YES;
				SDKROOT = macosx;
				SWIFT_COMPILATION_MODE = wholemodule;
			};
			name = Release;
		};
		DC1BCED987B045ABB08172406DEFB149 /* Debug */ = {
			isa = XCBuildConfiguration;
			buildSettings = {
				ASSETCATALOG_COMPILER_APPICON_NAME = AppIcon;
				ASSETCATALOG_COMPILER_GLOBAL_ACCENT_COLOR_NAME = AccentColor;
				CODE_SIGN_ENTITLEMENTS = NoteHarvester/NoteHarvester.entitlements;
				CODE_SIGN_STYLE = Automatic;
				COMBINE_HIDPI_IMAGES = YES;
				CURRENT_PROJECT_VERSION = 1;
				DEVELOPMENT_TEAM = "";
				ENABLE_HARDENED_RUNTIME = YES;
				ENABLE_PREVIEWS = YES;
				GENERATE_INFOPLIST_FILE = YES;
				INFOPLIST_FILE = NoteHarvester/Info.plist;
				INFOPLIST_KEY_NSHumanReadableCopyright = "";
				LD_RUNPATH_SEARCH_PATHS = (
					"$(inherited)",
					"@executable_path/../Frameworks",
				);
				MARKETING_VERSION = 1.0;
				PRODUCT_BUNDLE_IDENTIFIER = com.noteharvester.NoteHarvester;
				PRODUCT_NAME = "$(TARGET_NAME)";
				SWIFT_EMIT_LOC_STRINGS = YES;
				SWIFT_VERSION = 5.0;
			};
			name = Debug;
		};
		DC1BCED987B045ABB08172406DEFB150 /* Release */ = {
			isa = XCBuildConfiguration;
			buildSettings = {
				ASSETCATALOG_COMPILER_APPICON_NAME = AppIcon;
				ASSETCATALOG_COMPILER_GLOBAL_ACCENT_COLOR_NAME = AccentColor;
				CODE_SIGN_ENTITLEMENTS = NoteHarvester/NoteHarvester.entitlements;
				CODE_SIGN_STYLE = Automatic;
				COMBINE_HIDPI_IMAGES = YES;
				CURRENT_PROJECT_VERSION = 1;
				DEVELOPMENT_TEAM = "";
				ENABLE_HARDENED_RUNTIME = YES;
				ENABLE_PREVIEWS = YES;
				GENERATE_INFOPLIST_FILE = YES;
				INFOPLIST_FILE = NoteHarvester/Info.plist;
				INFOPLIST_KEY_NSHumanReadableCopyright = "";
				LD_RUNPATH_SEARCH_PATHS = (
					"$(inherited)",
					"@executable_path/../Frameworks",
				);
				MARKETING_VERSION = 1.0;
				PRODUCT_BUNDLE_IDENTIFIER = com.noteharvester.NoteHarvester;
				PRODUCT_NAME = "$(TARGET_NAME)";
				SWIFT_EMIT_LOC_STRINGS = YES;
				SWIFT_VERSION = 5.0;
			};
			name = Release;
		};
/* End XCBuildConfiguration section */

/* Begin XCConfigurationList section */
		DC1BCED987B045ABB08172406DEFB141 /* Build configuration list for PBXNativeTarget "NoteHarvester" */ = {
			isa = XCConfigurationList;
			buildConfigurations = (
				DC1BCED987B045ABB08172406DEFB149 /* Debug */,
				DC1BCED987B045ABB08172406DEFB150 /* Release */,
			);
			defaultConfigurationIsVisible = 0;
			defaultConfigurationName = Release;
		};
		DC1BCED987B045ABB08172406DEFB145 /* Build configuration list for PBXProject "NoteHarvester" */ = {
			isa = XCConfigurationList;
			buildConfigurations = (
				DC1BCED987B045ABB08172406DEFB147 /* Debug */,
				DC1BCED987B045ABB08172406DEFB148 /* Release */,
			);
			defaultConfigurationIsVisible = 0;
			defaultConfigurationName = Release;
		};
/* End XCConfigurationList section */

/* Begin XCRemoteSwiftPackageReference section */
		DC1BCED987B045ABB08172406DEFB146 /* XCRemoteSwiftPackageReference "SQLite.swift" */ = {
			isa = XCRemoteSwiftPackageReference;
			repositoryURL = "https://github.com/stephencelis/SQLite.swift.git";
			requirement = {
				kind = upToNextMajorVersion;
				minimumVersion = 0.15.3;
			};
		};
/* End XCRemoteSwiftPackageReference section */

/* Begin XCSwiftPackageProductDependency section */
		DC1BCED987B045ABB08172406DEFB120 /* SQLite */ = {
			isa = XCSwiftPackageProductDependency;
			package = DC1BCED987B045ABB08172406DEFB146 /* XCRemoteSwiftPackageReference "SQLite.swift" */;
			productName = SQLite;
		};
/* End XCSwiftPackageProductDependency section */
	};
	rootObject = DC1BCED987B045ABB08172406DEFB144 /* Project object */;
}
